github.com/gozelle/check v1.0.0 h1:GW6PJDe1lCHwl1YkidY+bVpVVuM7IA/0gzzPfYQdcUE=
github.com/gozelle/check v1.0.0/go.mod h1:t4gM11iaDT1dmzBqm2uBf9WZJ8XaCQ55gi5/BCRAI94=
github.com/gozelle/go-difflib v1.0.0 h1:BIQXTH387TRKUtDGMTaPmoFKKWZQMRR4mSxxcPLOjXQ=
github.com/gozelle/go-difflib v1.0.0/go.mod h1:PcDy306aUy3I8kB5ohutXpbhkgQlygtcBjf+pENv2gY=
github.com/gozelle/go-internal v1.9.0 h1:VVobf+WAesfyYtHklxbmzo+2IXdTw3PxiwkmwC6QTTA=
github.com/gozelle/go-internal v1.9.0/go.mod h1:o484tiDnf0hnhpY4OpWLmI0eWURobX0OX3YP1CBEzbU=
github.com/gozelle/go-spew v1.1.10 h1:kFDq5IDd/Wk3l7UutORhveCt5fUdW8b9afnDYtuHmEc=
github.com/gozelle/go-spew v1.1.10/go.mod h1:qwUFQBhiE5zwtTAfe/m87+73t2jRbNHwGOvs+FgYx+8=
github.com/gozelle/objx v0.5.10/go.mod h1:3muRr1Da1mCg3D+wYBicuZaHtGbvfLCgewfYJoz7cbs=
github.com/gozelle/pretty v0.3.1 h1:dtU7yIlzRqiMmB9TcunypDfvAC/QOP0K8y/BKKOrgRg=
github.com/gozelle/pretty v0.3.1/go.mod h1:F2wDK3wv6aq2Bf70Xuu0ltUWRFZC01f0sb7OQLHtI3c=
github.com/gozelle/pty v1.1.18/go.mod h1:SfI1d649o2MwHyGTx3gtCqh2AuntxoqVvXU0C5uIWII=
github.com/gozelle/testify v1.8.11 h1:HDi4d07tDlTLfAc1ie9yR/ZBr3r4HR9866GA5uHSwdA=
github.com/gozelle/testify v1.8.11/go.mod h1:vYSBvyNev2JwOWCafPzpqdL3xuxy79bECwKkP5a7Y1c=
github.com/gozelle/text v0.2.0 h1:p0p6mIm1aD0lDN798Pfx9T0itU8O/iUoauFvPUtV6Gw=
github.com/gozelle/text v0.2.0/go.mod h1:SEbJmvp9HEs+yRjPJyNLQeRJ8dLwI3sx7cPyu/xt8fc=
github.com/gozelle/yaml v0.0.0-20221214152138-81b78a92d903 h1:Z5bL8fjqThaLRa3MdQoESurwiUh8KZksKRQvLWY+h/c=
github.com/gozelle/yaml v0.0.0-20221214152138-81b78a92d903/go.mod h1:0Pp3KXweJJtxd5jzd6y3qW2DpjEFAlYc7oRDtuhMFjg=
github.com/pkg/diff v0.0.0-20210226163009-20ebb0f2a09e/go.mod h1:pJLUxLENpZxwdsKMEsNbx1VGcRFpLqf3715MtcvvzbA=
